// !$*UTF8*$!
{
	archiveVersion = 1;
	classes = {
	};
	objectVersion = 46;
	objects = {

/* Begin PBXBuildFile section */
		003C49BB1C423A7A00A3CB5A /* GIF.swift in Sources */ = {isa = PBXBuildFile; fileRef = 003C49BA1C423A7A00A3CB5A /* GIF.swift */; };
		003C49BD1C42677900A3CB5A /* ImagePreviewController.swift in Sources */ = {isa = PBXBuildFile; fileRef = 003C49BC1C42677900A3CB5A /* ImagePreviewController.swift */; };
		0046C47B1C39ECE20092ED2E /* AppDelegate.swift in Sources */ = {isa = PBXBuildFile; fileRef = 0046C47A1C39ECE20092ED2E /* AppDelegate.swift */; };
		0046C4801C39ECE20092ED2E /* Main.storyboard in Resources */ = {isa = PBXBuildFile; fileRef = 0046C47E1C39ECE20092ED2E /* Main.storyboard */; };
		0046C4821C39ECE20092ED2E /* Assets.xcassets in Resources */ = {isa = PBXBuildFile; fileRef = 0046C4811C39ECE20092ED2E /* Assets.xcassets */; };
		0046C4851C39ECE20092ED2E /* LaunchScreen.storyboard in Resources */ = {isa = PBXBuildFile; fileRef = 0046C4831C39ECE20092ED2E /* LaunchScreen.storyboard */; };
		0046C4901C39ECE20092ED2E /* LightPixelsTests.swift in Sources */ = {isa = PBXBuildFile; fileRef = 0046C48F1C39ECE20092ED2E /* LightPixelsTests.swift */; };
		0046C49B1C39ECE20092ED2E /* LightPixelsUITests.swift in Sources */ = {isa = PBXBuildFile; fileRef = 0046C49A1C39ECE20092ED2E /* LightPixelsUITests.swift */; };
		0046C4A91C39ED630092ED2E /* ImagesViewController.swift in Sources */ = {isa = PBXBuildFile; fileRef = 0046C4A81C39ED630092ED2E /* ImagesViewController.swift */; };
		0046C4AB1C39ED740092ED2E /* GIFsViewController.swift in Sources */ = {isa = PBXBuildFile; fileRef = 0046C4AA1C39ED740092ED2E /* GIFsViewController.swift */; };
		0046C4AD1C39ED850092ED2E /* ShareViewController.swift in Sources */ = {isa = PBXBuildFile; fileRef = 0046C4AC1C39ED850092ED2E /* ShareViewController.swift */; };
		0046C4B11C3A533D0092ED2E /* Image.swift in Sources */ = {isa = PBXBuildFile; fileRef = 0046C4B01C3A533D0092ED2E /* Image.swift */; };
		00499AA01C43AA5700CED7A5 /* SettingViewController.swift in Sources */ = {isa = PBXBuildFile; fileRef = 00499A9F1C43AA5700CED7A5 /* SettingViewController.swift */; };
		00499AB61C43EE2600CED7A5 /* Setting.swift in Sources */ = {isa = PBXBuildFile; fileRef = 00499AB51C43EE2600CED7A5 /* Setting.swift */; };
		00499ADD1C43FC2B00CED7A5 /* erase.png in Resources */ = {isa = PBXBuildFile; fileRef = 00499ADA1C43FC2B00CED7A5 /* erase.png */; };
		00499ADE1C43FC2B00CED7A5 /* painter.png in Resources */ = {isa = PBXBuildFile; fileRef = 00499ADB1C43FC2B00CED7A5 /* painter.png */; };
		00499ADF1C43FC2B00CED7A5 /* undo.png in Resources */ = {isa = PBXBuildFile; fileRef = 00499ADC1C43FC2B00CED7A5 /* undo.png */; };
		00499AE11C43FD0600CED7A5 /* save.png in Resources */ = {isa = PBXBuildFile; fileRef = 00499AE01C43FD0600CED7A5 /* save.png */; };
		00499AE31C43FD7D00CED7A5 /* trash.png in Resources */ = {isa = PBXBuildFile; fileRef = 00499AE21C43FD7D00CED7A5 /* trash.png */; };
		00499AE51C43FD8B00CED7A5 /* edit.png in Resources */ = {isa = PBXBuildFile; fileRef = 00499AE41C43FD8B00CED7A5 /* edit.png */; };
		00499AE71C43FD9200CED7A5 /* delete.png in Resources */ = {isa = PBXBuildFile; fileRef = 00499AE61C43FD9200CED7A5 /* delete.png */; };
		00499B241C44004600CED7A5 /* Contents.json in Resources */ = {isa = PBXBuildFile; fileRef = 00499B181C44004600CED7A5 /* Contents.json */; };
		00499B251C44004600CED7A5 /* Icon-40.png in Resources */ = {isa = PBXBuildFile; fileRef = 00499B191C44004600CED7A5 /* Icon-40.png */; };
		00499B261C44004600CED7A5 /* Icon-40@2x.png in Resources */ = {isa = PBXBuildFile; fileRef = 00499B1A1C44004600CED7A5 /* Icon-40@2x.png */; };
		00499B271C44004600CED7A5 /* Icon-40@3x.png in Resources */ = {isa = PBXBuildFile; fileRef = 00499B1B1C44004600CED7A5 /* Icon-40@3x.png */; };
		00499B281C44004600CED7A5 /* Icon-60@2x.png in Resources */ = {isa = PBXBuildFile; fileRef = 00499B1C1C44004600CED7A5 /* Icon-60@2x.png */; };
		00499B291C44004600CED7A5 /* Icon-60@3x.png in Resources */ = {isa = PBXBuildFile; fileRef = 00499B1D1C44004600CED7A5 /* Icon-60@3x.png */; };
		00499B2A1C44004600CED7A5 /* Icon-76.png in Resources */ = {isa = PBXBuildFile; fileRef = 00499B1E1C44004600CED7A5 /* Icon-76.png */; };
		00499B2B1C44004600CED7A5 /* Icon-76@2x.png in Resources */ = {isa = PBXBuildFile; fileRef = 00499B1F1C44004600CED7A5 /* Icon-76@2x.png */; };
		00499B2C1C44004600CED7A5 /* Icon-83.5@2x.png in Resources */ = {isa = PBXBuildFile; fileRef = 00499B201C44004600CED7A5 /* Icon-83.5@2x.png */; };
		00499B2D1C44004600CED7A5 /* Icon-Small.png in Resources */ = {isa = PBXBuildFile; fileRef = 00499B211C44004600CED7A5 /* Icon-Small.png */; };
		00499B2E1C44004600CED7A5 /* Icon-Small@2x.png in Resources */ = {isa = PBXBuildFile; fileRef = 00499B221C44004600CED7A5 /* Icon-Small@2x.png */; };
		00499B2F1C44004600CED7A5 /* Icon-Small@3x.png in Resources */ = {isa = PBXBuildFile; fileRef = 00499B231C44004600CED7A5 /* Icon-Small@3x.png */; };
		00499B391C44007F00CED7A5 /* iTunesArtwork@2x.png in Resources */ = {isa = PBXBuildFile; fileRef = 00499B301C44007F00CED7A5 /* iTunesArtwork@2x.png */; };
		00499B3A1C44007F00CED7A5 /* iTunesArtwork.png in Resources */ = {isa = PBXBuildFile; fileRef = 00499B311C44007F00CED7A5 /* iTunesArtwork.png */; };
		00499B3B1C44007F00CED7A5 /* Icon@2x.png in Resources */ = {isa = PBXBuildFile; fileRef = 00499B321C44007F00CED7A5 /* Icon@2x.png */; };
		00499B3C1C44007F00CED7A5 /* Icon.png in Resources */ = {isa = PBXBuildFile; fileRef = 00499B331C44007F00CED7A5 /* Icon.png */; };
		00499B3D1C44007F00CED7A5 /* Icon-Small-50@2x.png in Resources */ = {isa = PBXBuildFile; fileRef = 00499B341C44007F00CED7A5 /* Icon-Small-50@2x.png */; };
		00499B3E1C44007F00CED7A5 /* Icon-Small-50.png in Resources */ = {isa = PBXBuildFile; fileRef = 00499B351C44007F00CED7A5 /* Icon-Small-50.png */; };
		00499B3F1C44007F00CED7A5 /* Icon-72@2x.png in Resources */ = {isa = PBXBuildFile; fileRef = 00499B361C44007F00CED7A5 /* Icon-72@2x.png */; };
		00499B401C44007F00CED7A5 /* Icon-72.png in Resources */ = {isa = PBXBuildFile; fileRef = 00499B371C44007F00CED7A5 /* Icon-72.png */; };
		00499B411C44007F00CED7A5 /* Icon-60.png in Resources */ = {isa = PBXBuildFile; fileRef = 00499B381C44007F00CED7A5 /* Icon-60.png */; };
		00499B431C44054B00CED7A5 /* GIFPreviewController.swift in Sources */ = {isa = PBXBuildFile; fileRef = 00499B421C44054B00CED7A5 /* GIFPreviewController.swift */; };
		00499B451C44084800CED7A5 /* upload.png in Resources */ = {isa = PBXBuildFile; fileRef = 00499B441C44084800CED7A5 /* upload.png */; };
		005AA0CC1C4140DA00FE4A7D /* GIFPreviewDetailController.swift in Sources */ = {isa = PBXBuildFile; fileRef = 005AA0CB1C4140DA00FE4A7D /* GIFPreviewDetailController.swift */; };
		00A2CA7E1C3E09D90003CB0C /* DrawGIFViewController.swift in Sources */ = {isa = PBXBuildFile; fileRef = 00A2CA7D1C3E09D90003CB0C /* DrawGIFViewController.swift */; };
		00B624331C3B522800178AF6 /* DrawImageViewController.swift in Sources */ = {isa = PBXBuildFile; fileRef = 00B624321C3B522800178AF6 /* DrawImageViewController.swift */; };
		00EEE7B71C44774D004570A3 /* sharePreviewController.swift in Sources */ = {isa = PBXBuildFile; fileRef = 00EEE7B61C44774D004570A3 /* sharePreviewController.swift */; };
		00EEE7BD1C448DBA004570A3 /* share.png in Resources */ = {isa = PBXBuildFile; fileRef = 00EEE7BC1C448DBA004570A3 /* share.png */; };
		00EEE7BF1C448E6E004570A3 /* setting.png in Resources */ = {isa = PBXBuildFile; fileRef = 00EEE7BE1C448E6E004570A3 /* setting.png */; };
		00EEE7C11C448EF6004570A3 /* images.png in Resources */ = {isa = PBXBuildFile; fileRef = 00EEE7C01C448EF6004570A3 /* images.png */; };
		00EEE7C31C448F45004570A3 /* gifs.png in Resources */ = {isa = PBXBuildFile; fileRef = 00EEE7C21C448F45004570A3 /* gifs.png */; };
		D5707BCF91D79D955D0B2F5E /* Pods.framework in Frameworks */ = {isa = PBXBuildFile; fileRef = BC45731482934407284B9065 /* Pods.framework */; };
/* End PBXBuildFile section */

/* Begin PBXContainerItemProxy section */
		0046C48C1C39ECE20092ED2E /* PBXContainerItemProxy */ = {
			isa = PBXContainerItemProxy;
			containerPortal = 0046C46F1C39ECE20092ED2E /* Project object */;
			proxyType = 1;
			remoteGlobalIDString = 0046C4761C39ECE20092ED2E;
			remoteInfo = LightPixels;
		};
		0046C4971C39ECE20092ED2E /* PBXContainerItemProxy */ = {
			isa = PBXContainerItemProxy;
			containerPortal = 0046C46F1C39ECE20092ED2E /* Project object */;
			proxyType = 1;
			remoteGlobalIDString = 0046C4761C39ECE20092ED2E;
			remoteInfo = LightPixels;
		};
/* End PBXContainerItemProxy section */

/* Begin PBXFileReference section */
		003C49BA1C423A7A00A3CB5A /* GIF.swift */ = {isa = PBXFileReference; fileEncoding = 4; lastKnownFileType = sourcecode.swift; path = GIF.swift; sourceTree = "<group>"; };
		003C49BC1C42677900A3CB5A /* ImagePreviewController.swift */ = {isa = PBXFileReference; fileEncoding = 4; lastKnownFileType = sourcecode.swift; path = ImagePreviewController.swift; sourceTree = "<group>"; };
		0046C4771C39ECE20092ED2E /* LightPixels.app */ = {isa = PBXFileReference; explicitFileType = wrapper.application; includeInIndex = 0; path = LightPixels.app; sourceTree = BUILT_PRODUCTS_DIR; };
		0046C47A1C39ECE20092ED2E /* AppDelegate.swift */ = {isa = PBXFileReference; lastKnownFileType = sourcecode.swift; path = AppDelegate.swift; sourceTree = "<group>"; };
		0046C47F1C39ECE20092ED2E /* Base */ = {isa = PBXFileReference; lastKnownFileType = file.storyboard; name = Base; path = Base.lproj/Main.storyboard; sourceTree = "<group>"; };
		0046C4811C39ECE20092ED2E /* Assets.xcassets */ = {isa = PBXFileReference; lastKnownFileType = folder.assetcatalog; path = Assets.xcassets; sourceTree = "<group>"; };
		0046C4841C39ECE20092ED2E /* Base */ = {isa = PBXFileReference; lastKnownFileType = file.storyboard; name = Base; path = Base.lproj/LaunchScreen.storyboard; sourceTree = "<group>"; };
		0046C4861C39ECE20092ED2E /* Info.plist */ = {isa = PBXFileReference; lastKnownFileType = text.plist.xml; path = Info.plist; sourceTree = "<group>"; };
		0046C48B1C39ECE20092ED2E /* LightPixelsTests.xctest */ = {isa = PBXFileReference; explicitFileType = wrapper.cfbundle; includeInIndex = 0; path = LightPixelsTests.xctest; sourceTree = BUILT_PRODUCTS_DIR; };
		0046C48F1C39ECE20092ED2E /* LightPixelsTests.swift */ = {isa = PBXFileReference; lastKnownFileType = sourcecode.swift; path = LightPixelsTests.swift; sourceTree = "<group>"; };
		0046C4911C39ECE20092ED2E /* Info.plist */ = {isa = PBXFileReference; lastKnownFileType = text.plist.xml; path = Info.plist; sourceTree = "<group>"; };
		0046C4961C39ECE20092ED2E /* LightPixelsUITests.xctest */ = {isa = PBXFileReference; explicitFileType = wrapper.cfbundle; includeInIndex = 0; path = LightPixelsUITests.xctest; sourceTree = BUILT_PRODUCTS_DIR; };
		0046C49A1C39ECE20092ED2E /* LightPixelsUITests.swift */ = {isa = PBXFileReference; lastKnownFileType = sourcecode.swift; path = LightPixelsUITests.swift; sourceTree = "<group>"; };
		0046C49C1C39ECE20092ED2E /* Info.plist */ = {isa = PBXFileReference; lastKnownFileType = text.plist.xml; path = Info.plist; sourceTree = "<group>"; };
		0046C4A81C39ED630092ED2E /* ImagesViewController.swift */ = {isa = PBXFileReference; fileEncoding = 4; lastKnownFileType = sourcecode.swift; path = ImagesViewController.swift; sourceTree = "<group>"; };
		0046C4AA1C39ED740092ED2E /* GIFsViewController.swift */ = {isa = PBXFileReference; fileEncoding = 4; lastKnownFileType = sourcecode.swift; path = GIFsViewController.swift; sourceTree = "<group>"; };
		0046C4AC1C39ED850092ED2E /* ShareViewController.swift */ = {isa = PBXFileReference; fileEncoding = 4; lastKnownFileType = sourcecode.swift; path = ShareViewController.swift; sourceTree = "<group>"; };
		0046C4B01C3A533D0092ED2E /* Image.swift */ = {isa = PBXFileReference; fileEncoding = 4; lastKnownFileType = sourcecode.swift; path = Image.swift; sourceTree = "<group>"; };
		00499A9F1C43AA5700CED7A5 /* SettingViewController.swift */ = {isa = PBXFileReference; fileEncoding = 4; lastKnownFileType = sourcecode.swift; path = SettingViewController.swift; sourceTree = "<group>"; };
		00499AB51C43EE2600CED7A5 /* Setting.swift */ = {isa = PBXFileReference; fileEncoding = 4; lastKnownFileType = sourcecode.swift; path = Setting.swift; sourceTree = "<group>"; };
		00499ADA1C43FC2B00CED7A5 /* erase.png */ = {isa = PBXFileReference; lastKnownFileType = image.png; path = erase.png; sourceTree = "<group>"; };
		00499ADB1C43FC2B00CED7A5 /* painter.png */ = {isa = PBXFileReference; lastKnownFileType = image.png; path = painter.png; sourceTree = "<group>"; };
		00499ADC1C43FC2B00CED7A5 /* undo.png */ = {isa = PBXFileReference; lastKnownFileType = image.png; path = undo.png; sourceTree = "<group>"; };
		00499AE01C43FD0600CED7A5 /* save.png */ = {isa = PBXFileReference; lastKnownFileType = image.png; path = save.png; sourceTree = "<group>"; };
		00499AE21C43FD7D00CED7A5 /* trash.png */ = {isa = PBXFileReference; lastKnownFileType = image.png; path = trash.png; sourceTree = "<group>"; };
		00499AE41C43FD8B00CED7A5 /* edit.png */ = {isa = PBXFileReference; lastKnownFileType = image.png; path = edit.png; sourceTree = "<group>"; };
		00499AE61C43FD9200CED7A5 /* delete.png */ = {isa = PBXFileReference; lastKnownFileType = image.png; path = delete.png; sourceTree = "<group>"; };
		00499B181C44004600CED7A5 /* Contents.json */ = {isa = PBXFileReference; fileEncoding = 4; lastKnownFileType = text.json; path = Contents.json; sourceTree = "<group>"; };
		00499B191C44004600CED7A5 /* Icon-40.png */ = {isa = PBXFileReference; lastKnownFileType = image.png; path = "Icon-40.png"; sourceTree = "<group>"; };
		00499B1A1C44004600CED7A5 /* Icon-40@2x.png */ = {isa = PBXFileReference; lastKnownFileType = image.png; path = "Icon-40@2x.png"; sourceTree = "<group>"; };
		00499B1B1C44004600CED7A5 /* Icon-40@3x.png */ = {isa = PBXFileReference; lastKnownFileType = image.png; path = "Icon-40@3x.png"; sourceTree = "<group>"; };
		00499B1C1C44004600CED7A5 /* Icon-60@2x.png */ = {isa = PBXFileReference; lastKnownFileType = image.png; path = "Icon-60@2x.png"; sourceTree = "<group>"; };
		00499B1D1C44004600CED7A5 /* Icon-60@3x.png */ = {isa = PBXFileReference; lastKnownFileType = image.png; path = "Icon-60@3x.png"; sourceTree = "<group>"; };
		00499B1E1C44004600CED7A5 /* Icon-76.png */ = {isa = PBXFileReference; lastKnownFileType = image.png; path = "Icon-76.png"; sourceTree = "<group>"; };
		00499B1F1C44004600CED7A5 /* Icon-76@2x.png */ = {isa = PBXFileReference; lastKnownFileType = image.png; path = "Icon-76@2x.png"; sourceTree = "<group>"; };
		00499B201C44004600CED7A5 /* Icon-83.5@2x.png */ = {isa = PBXFileReference; lastKnownFileType = image.png; path = "Icon-83.5@2x.png"; sourceTree = "<group>"; };
		00499B211C44004600CED7A5 /* Icon-Small.png */ = {isa = PBXFileReference; lastKnownFileType = image.png; path = "Icon-Small.png"; sourceTree = "<group>"; };
		00499B221C44004600CED7A5 /* Icon-Small@2x.png */ = {isa = PBXFileReference; lastKnownFileType = image.png; path = "Icon-Small@2x.png"; sourceTree = "<group>"; };
		00499B231C44004600CED7A5 /* Icon-Small@3x.png */ = {isa = PBXFileReference; lastKnownFileType = image.png; path = "Icon-Small@3x.png"; sourceTree = "<group>"; };
		00499B301C44007F00CED7A5 /* iTunesArtwork@2x.png */ = {isa = PBXFileReference; lastKnownFileType = image.png; path = "iTunesArtwork@2x.png"; sourceTree = "<group>"; };
		00499B311C44007F00CED7A5 /* iTunesArtwork.png */ = {isa = PBXFileReference; lastKnownFileType = image.png; path = iTunesArtwork.png; sourceTree = "<group>"; };
		00499B321C44007F00CED7A5 /* Icon@2x.png */ = {isa = PBXFileReference; lastKnownFileType = image.png; path = "Icon@2x.png"; sourceTree = "<group>"; };
		00499B331C44007F00CED7A5 /* Icon.png */ = {isa = PBXFileReference; lastKnownFileType = image.png; path = Icon.png; sourceTree = "<group>"; };
		00499B341C44007F00CED7A5 /* Icon-Small-50@2x.png */ = {isa = PBXFileReference; lastKnownFileType = image.png; path = "Icon-Small-50@2x.png"; sourceTree = "<group>"; };
		00499B351C44007F00CED7A5 /* Icon-Small-50.png */ = {isa = PBXFileReference; lastKnownFileType = image.png; path = "Icon-Small-50.png"; sourceTree = "<group>"; };
		00499B361C44007F00CED7A5 /* Icon-72@2x.png */ = {isa = PBXFileReference; lastKnownFileType = image.png; path = "Icon-72@2x.png"; sourceTree = "<group>"; };
		00499B371C44007F00CED7A5 /* Icon-72.png */ = {isa = PBXFileReference; lastKnownFileType = image.png; path = "Icon-72.png"; sourceTree = "<group>"; };
		00499B381C44007F00CED7A5 /* Icon-60.png */ = {isa = PBXFileReference; lastKnownFileType = image.png; path = "Icon-60.png"; sourceTree = "<group>"; };
		00499B421C44054B00CED7A5 /* GIFPreviewController.swift */ = {isa = PBXFileReference; fileEncoding = 4; lastKnownFileType = sourcecode.swift; path = GIFPreviewController.swift; sourceTree = "<group>"; };
		00499B441C44084800CED7A5 /* upload.png */ = {isa = PBXFileReference; lastKnownFileType = image.png; path = upload.png; sourceTree = "<group>"; };
		005AA0CB1C4140DA00FE4A7D /* GIFPreviewDetailController.swift */ = {isa = PBXFileReference; fileEncoding = 4; lastKnownFileType = sourcecode.swift; path = GIFPreviewDetailController.swift; sourceTree = "<group>"; };
		00A2CA7D1C3E09D90003CB0C /* DrawGIFViewController.swift */ = {isa = PBXFileReference; fileEncoding = 4; lastKnownFileType = sourcecode.swift; path = DrawGIFViewController.swift; sourceTree = "<group>"; };
		00B624321C3B522800178AF6 /* DrawImageViewController.swift */ = {isa = PBXFileReference; fileEncoding = 4; lastKnownFileType = sourcecode.swift; path = DrawImageViewController.swift; sourceTree = "<group>"; };
		00EEE7B61C44774D004570A3 /* sharePreviewController.swift */ = {isa = PBXFileReference; fileEncoding = 4; lastKnownFileType = sourcecode.swift; path = sharePreviewController.swift; sourceTree = "<group>"; };
		00EEE7BC1C448DBA004570A3 /* share.png */ = {isa = PBXFileReference; lastKnownFileType = image.png; path = share.png; sourceTree = "<group>"; };
		00EEE7BE1C448E6E004570A3 /* setting.png */ = {isa = PBXFileReference; lastKnownFileType = image.png; path = setting.png; sourceTree = "<group>"; };
		00EEE7C01C448EF6004570A3 /* images.png */ = {isa = PBXFileReference; lastKnownFileType = image.png; path = images.png; sourceTree = "<group>"; };
		00EEE7C21C448F45004570A3 /* gifs.png */ = {isa = PBXFileReference; lastKnownFileType = image.png; path = gifs.png; sourceTree = "<group>"; };
		80EE04487ED4075C63F675C0 /* Pods.debug.xcconfig */ = {isa = PBXFileReference; includeInIndex = 1; lastKnownFileType = text.xcconfig; name = Pods.debug.xcconfig; path = "Pods/Target Support Files/Pods/Pods.debug.xcconfig"; sourceTree = "<group>"; };
		96F9926C67AC41751E684A49 /* Pods.release.xcconfig */ = {isa = PBXFileReference; includeInIndex = 1; lastKnownFileType = text.xcconfig; name = Pods.release.xcconfig; path = "Pods/Target Support Files/Pods/Pods.release.xcconfig"; sourceTree = "<group>"; };
		BC45731482934407284B9065 /* Pods.framework */ = {isa = PBXFileReference; explicitFileType = wrapper.framework; includeInIndex = 0; path = Pods.framework; sourceTree = BUILT_PRODUCTS_DIR; };
/* End PBXFileReference section */

/* Begin PBXFrameworksBuildPhase section */
		0046C4741C39ECE20092ED2E /* Frameworks */ = {
			isa = PBXFrameworksBuildPhase;
			buildActionMask = 2147483647;
			files = (
				D5707BCF91D79D955D0B2F5E /* Pods.framework in Frameworks */,
			);
			runOnlyForDeploymentPostprocessing = 0;
		};
		0046C4881C39ECE20092ED2E /* Frameworks */ = {
			isa = PBXFrameworksBuildPhase;
			buildActionMask = 2147483647;
			files = (
			);
			runOnlyForDeploymentPostprocessing = 0;
		};
		0046C4931C39ECE20092ED2E /* Frameworks */ = {
			isa = PBXFrameworksBuildPhase;
			buildActionMask = 2147483647;
			files = (
			);
			runOnlyForDeploymentPostprocessing = 0;
		};
/* End PBXFrameworksBuildPhase section */

/* Begin PBXGroup section */
		0046C46E1C39ECE20092ED2E = {
			isa = PBXGroup;
			children = (
				0046C4791C39ECE20092ED2E /* LightPixels */,
				0046C48E1C39ECE20092ED2E /* LightPixelsTests */,
				0046C4991C39ECE20092ED2E /* LightPixelsUITests */,
				0046C4781C39ECE20092ED2E /* Products */,
				126BC7711408535DACF807DF /* Pods */,
				D2A0E725C04106DFB7DE60B4 /* Frameworks */,
			);
			sourceTree = "<group>";
		};
		0046C4781C39ECE20092ED2E /* Products */ = {
			isa = PBXGroup;
			children = (
				0046C4771C39ECE20092ED2E /* LightPixels.app */,
				0046C48B1C39ECE20092ED2E /* LightPixelsTests.xctest */,
				0046C4961C39ECE20092ED2E /* LightPixelsUITests.xctest */,
			);
			name = Products;
			sourceTree = "<group>";
		};
		0046C4791C39ECE20092ED2E /* LightPixels */ = {
			isa = PBXGroup;
			children = (
				00499AB51C43EE2600CED7A5 /* Setting.swift */,
				0046C4B01C3A533D0092ED2E /* Image.swift */,
				003C49BA1C423A7A00A3CB5A /* GIF.swift */,
				0046C47A1C39ECE20092ED2E /* AppDelegate.swift */,
				0046C4A81C39ED630092ED2E /* ImagesViewController.swift */,
				0046C4AA1C39ED740092ED2E /* GIFsViewController.swift */,
				00B624321C3B522800178AF6 /* DrawImageViewController.swift */,
				0046C4AC1C39ED850092ED2E /* ShareViewController.swift */,
				00A2CA7D1C3E09D90003CB0C /* DrawGIFViewController.swift */,
				005AA0CB1C4140DA00FE4A7D /* GIFPreviewDetailController.swift */,
				0046C47E1C39ECE20092ED2E /* Main.storyboard */,
				00499A9F1C43AA5700CED7A5 /* SettingViewController.swift */,
				003C49BC1C42677900A3CB5A /* ImagePreviewController.swift */,
				00499B421C44054B00CED7A5 /* GIFPreviewController.swift */,
				00EEE7B61C44774D004570A3 /* sharePreviewController.swift */,
				0046C4831C39ECE20092ED2E /* LaunchScreen.storyboard */,
				0046C4861C39ECE20092ED2E /* Info.plist */,
				0046C4811C39ECE20092ED2E /* Assets.xcassets */,
				00499B171C44004600CED7A5 /* AppIcon.appiconset */,
				00499AB71C43F1B600CED7A5 /* icons */,
			);
			path = LightPixels;
			sourceTree = "<group>";
		};
		0046C48E1C39ECE20092ED2E /* LightPixelsTests */ = {
			isa = PBXGroup;
			children = (
				0046C48F1C39ECE20092ED2E /* LightPixelsTests.swift */,
				0046C4911C39ECE20092ED2E /* Info.plist */,
			);
			path = LightPixelsTests;
			sourceTree = "<group>";
		};
		0046C4991C39ECE20092ED2E /* LightPixelsUITests */ = {
			isa = PBXGroup;
			children = (
				0046C49A1C39ECE20092ED2E /* LightPixelsUITests.swift */,
				0046C49C1C39ECE20092ED2E /* Info.plist */,
			);
			path = LightPixelsUITests;
			sourceTree = "<group>";
		};
		00499AB71C43F1B600CED7A5 /* icons */ = {
			isa = PBXGroup;
			children = (
				00EEE7C01C448EF6004570A3 /* images.png */,
				00EEE7C21C448F45004570A3 /* gifs.png */,
				00499AE61C43FD9200CED7A5 /* delete.png */,
				00499AE41C43FD8B00CED7A5 /* edit.png */,
				00499AE21C43FD7D00CED7A5 /* trash.png */,
				00EEE7BE1C448E6E004570A3 /* setting.png */,
				00499AE01C43FD0600CED7A5 /* save.png */,
				00499ADA1C43FC2B00CED7A5 /* erase.png */,
				00499ADB1C43FC2B00CED7A5 /* painter.png */,
				00499B441C44084800CED7A5 /* upload.png */,
				00EEE7BC1C448DBA004570A3 /* share.png */,
				00499ADC1C43FC2B00CED7A5 /* undo.png */,
			);
			name = icons;
			sourceTree = "<group>";
		};
		00499B171C44004600CED7A5 /* AppIcon.appiconset */ = {
			isa = PBXGroup;
			children = (
				00499B181C44004600CED7A5 /* Contents.json */,
				00499B301C44007F00CED7A5 /* iTunesArtwork@2x.png */,
				00499B311C44007F00CED7A5 /* iTunesArtwork.png */,
				00499B321C44007F00CED7A5 /* Icon@2x.png */,
				00499B331C44007F00CED7A5 /* Icon.png */,
				00499B341C44007F00CED7A5 /* Icon-Small-50@2x.png */,
				00499B351C44007F00CED7A5 /* Icon-Small-50.png */,
				00499B361C44007F00CED7A5 /* Icon-72@2x.png */,
				00499B371C44007F00CED7A5 /* Icon-72.png */,
				00499B381C44007F00CED7A5 /* Icon-60.png */,
				00499B191C44004600CED7A5 /* Icon-40.png */,
				00499B1A1C44004600CED7A5 /* Icon-40@2x.png */,
				00499B1B1C44004600CED7A5 /* Icon-40@3x.png */,
				00499B1C1C44004600CED7A5 /* Icon-60@2x.png */,
				00499B1D1C44004600CED7A5 /* Icon-60@3x.png */,
				00499B1E1C44004600CED7A5 /* Icon-76.png */,
				00499B1F1C44004600CED7A5 /* Icon-76@2x.png */,
				00499B201C44004600CED7A5 /* Icon-83.5@2x.png */,
				00499B211C44004600CED7A5 /* Icon-Small.png */,
				00499B221C44004600CED7A5 /* Icon-Small@2x.png */,
				00499B231C44004600CED7A5 /* Icon-Small@3x.png */,
			);
			path = AppIcon.appiconset;
			sourceTree = "<group>";
		};
		126BC7711408535DACF807DF /* Pods */ = {
			isa = PBXGroup;
			children = (
				80EE04487ED4075C63F675C0 /* Pods.debug.xcconfig */,
				96F9926C67AC41751E684A49 /* Pods.release.xcconfig */,
			);
			name = Pods;
			sourceTree = "<group>";
		};
		D2A0E725C04106DFB7DE60B4 /* Frameworks */ = {
			isa = PBXGroup;
			children = (
				BC45731482934407284B9065 /* Pods.framework */,
			);
			name = Frameworks;
			sourceTree = "<group>";
		};
/* End PBXGroup section */

/* Begin PBXNativeTarget section */
		0046C4761C39ECE20092ED2E /* LightPixels */ = {
			isa = PBXNativeTarget;
			buildConfigurationList = 0046C49F1C39ECE20092ED2E /* Build configuration list for PBXNativeTarget "LightPixels" */;
			buildPhases = (
				975F9CC03854BE7B4003BC4D /* Check Pods Manifest.lock */,
				0046C4731C39ECE20092ED2E /* Sources */,
				0046C4741C39ECE20092ED2E /* Frameworks */,
				0046C4751C39ECE20092ED2E /* Resources */,
				602FF43B9A07FC10DE28F41D /* Embed Pods Frameworks */,
				5135EB6502AF620FB60B2370 /* Copy Pods Resources */,
			);
			buildRules = (
			);
			dependencies = (
			);
			name = LightPixels;
			productName = LightPixels;
			productReference = 0046C4771C39ECE20092ED2E /* LightPixels.app */;
			productType = "com.apple.product-type.application";
		};
		0046C48A1C39ECE20092ED2E /* LightPixelsTests */ = {
			isa = PBXNativeTarget;
			buildConfigurationList = 0046C4A21C39ECE20092ED2E /* Build configuration list for PBXNativeTarget "LightPixelsTests" */;
			buildPhases = (
				0046C4871C39ECE20092ED2E /* Sources */,
				0046C4881C39ECE20092ED2E /* Frameworks */,
				0046C4891C39ECE20092ED2E /* Resources */,
			);
			buildRules = (
			);
			dependencies = (
				0046C48D1C39ECE20092ED2E /* PBXTargetDependency */,
			);
			name = LightPixelsTests;
			productName = LightPixelsTests;
			productReference = 0046C48B1C39ECE20092ED2E /* LightPixelsTests.xctest */;
			productType = "com.apple.product-type.bundle.unit-test";
		};
		0046C4951C39ECE20092ED2E /* LightPixelsUITests */ = {
			isa = PBXNativeTarget;
			buildConfigurationList = 0046C4A51C39ECE20092ED2E /* Build configuration list for PBXNativeTarget "LightPixelsUITests" */;
			buildPhases = (
				0046C4921C39ECE20092ED2E /* Sources */,
				0046C4931C39ECE20092ED2E /* Frameworks */,
				0046C4941C39ECE20092ED2E /* Resources */,
			);
			buildRules = (
			);
			dependencies = (
				0046C4981C39ECE20092ED2E /* PBXTargetDependency */,
			);
			name = LightPixelsUITests;
			productName = LightPixelsUITests;
			productReference = 0046C4961C39ECE20092ED2E /* LightPixelsUITests.xctest */;
			productType = "com.apple.product-type.bundle.ui-testing";
		};
/* End PBXNativeTarget section */

/* Begin PBXProject section */
		0046C46F1C39ECE20092ED2E /* Project object */ = {
			isa = PBXProject;
			attributes = {
				LastSwiftUpdateCheck = 0720;
				LastUpgradeCheck = 0720;
				ORGANIZATIONNAME = chin;
				TargetAttributes = {
					0046C4761C39ECE20092ED2E = {
						CreatedOnToolsVersion = 7.2;
						DevelopmentTeam = G6SAGFQQ59;
					};
					0046C48A1C39ECE20092ED2E = {
						CreatedOnToolsVersion = 7.2;
						TestTargetID = 0046C4761C39ECE20092ED2E;
					};
					0046C4951C39ECE20092ED2E = {
						CreatedOnToolsVersion = 7.2;
						TestTargetID = 0046C4761C39ECE20092ED2E;
					};
				};
			};
			buildConfigurationList = 0046C4721C39ECE20092ED2E /* Build configuration list for PBXProject "LightPixels" */;
			compatibilityVersion = "Xcode 3.2";
			developmentRegion = English;
			hasScannedForEncodings = 0;
			knownRegions = (
				en,
				Base,
			);
			mainGroup = 0046C46E1C39ECE20092ED2E;
			productRefGroup = 0046C4781C39ECE20092ED2E /* Products */;
			projectDirPath = "";
			projectRoot = "";
			targets = (
				0046C4761C39ECE20092ED2E /* LightPixels */,
				0046C48A1C39ECE20092ED2E /* LightPixelsTests */,
				0046C4951C39ECE20092ED2E /* LightPixelsUITests */,
			);
		};
/* End PBXProject section */

/* Begin PBXResourcesBuildPhase section */
		0046C4751C39ECE20092ED2E /* Resources */ = {
			isa = PBXResourcesBuildPhase;
			buildActionMask = 2147483647;
			files = (
				00499B251C44004600CED7A5 /* Icon-40.png in Resources */,
				00499ADF1C43FC2B00CED7A5 /* undo.png in Resources */,
				00499B2D1C44004600CED7A5 /* Icon-Small.png in Resources */,
				00499B261C44004600CED7A5 /* Icon-40@2x.png in Resources */,
				00499B2E1C44004600CED7A5 /* Icon-Small@2x.png in Resources */,
				00499B451C44084800CED7A5 /* upload.png in Resources */,
				00499AE31C43FD7D00CED7A5 /* trash.png in Resources */,
				00499B241C44004600CED7A5 /* Contents.json in Resources */,
				00499AE51C43FD8B00CED7A5 /* edit.png in Resources */,
				00499B3A1C44007F00CED7A5 /* iTunesArtwork.png in Resources */,
				00499AE71C43FD9200CED7A5 /* delete.png in Resources */,
				00499B2F1C44004600CED7A5 /* Icon-Small@3x.png in Resources */,
				00499B411C44007F00CED7A5 /* Icon-60.png in Resources */,
				00499B3C1C44007F00CED7A5 /* Icon.png in Resources */,
				00499ADE1C43FC2B00CED7A5 /* painter.png in Resources */,
				00499B281C44004600CED7A5 /* Icon-60@2x.png in Resources */,
				0046C4851C39ECE20092ED2E /* LaunchScreen.storyboard in Resources */,
				00499B3D1C44007F00CED7A5 /* Icon-Small-50@2x.png in Resources */,
				00EEE7BD1C448DBA004570A3 /* share.png in Resources */,
				00499AE11C43FD0600CED7A5 /* save.png in Resources */,
				00EEE7C31C448F45004570A3 /* gifs.png in Resources */,
				00499B3B1C44007F00CED7A5 /* Icon@2x.png in Resources */,
				00499B3F1C44007F00CED7A5 /* Icon-72@2x.png in Resources */,
				00499ADD1C43FC2B00CED7A5 /* erase.png in Resources */,
				00499B3E1C44007F00CED7A5 /* Icon-Small-50.png in Resources */,
				00499B401C44007F00CED7A5 /* Icon-72.png in Resources */,
				00499B2C1C44004600CED7A5 /* Icon-83.5@2x.png in Resources */,
				00EEE7C11C448EF6004570A3 /* images.png in Resources */,
				00499B2B1C44004600CED7A5 /* Icon-76@2x.png in Resources */,
				00499B2A1C44004600CED7A5 /* Icon-76.png in Resources */,
				00499B391C44007F00CED7A5 /* iTunesArtwork@2x.png in Resources */,
				0046C4821C39ECE20092ED2E /* Assets.xcassets in Resources */,
				00EEE7BF1C448E6E004570A3 /* setting.png in Resources */,
				00499B291C44004600CED7A5 /* Icon-60@3x.png in Resources */,
				0046C4801C39ECE20092ED2E /* Main.storyboard in Resources */,
				00499B271C44004600CED7A5 /* Icon-40@3x.png in Resources */,
			);
			runOnlyForDeploymentPostprocessing = 0;
		};
		0046C4891C39ECE20092ED2E /* Resources */ = {
			isa = PBXResourcesBuildPhase;
			buildActionMask = 2147483647;
			files = (
			);
			runOnlyForDeploymentPostprocessing = 0;
		};
		0046C4941C39ECE20092ED2E /* Resources */ = {
			isa = PBXResourcesBuildPhase;
			buildActionMask = 2147483647;
			files = (
			);
			runOnlyForDeploymentPostprocessing = 0;
		};
/* End PBXResourcesBuildPhase section */

/* Begin PBXShellScriptBuildPhase section */
		5135EB6502AF620FB60B2370 /* Copy Pods Resources */ = {
			isa = PBXShellScriptBuildPhase;
			buildActionMask = 2147483647;
			files = (
			);
			inputPaths = (
			);
			name = "Copy Pods Resources";
			outputPaths = (
			);
			runOnlyForDeploymentPostprocessing = 0;
			shellPath = /bin/sh;
			shellScript = "\"${SRCROOT}/Pods/Target Support Files/Pods/Pods-resources.sh\"\n";
			showEnvVarsInLog = 0;
		};
		602FF43B9A07FC10DE28F41D /* Embed Pods Frameworks */ = {
			isa = PBXShellScriptBuildPhase;
			buildActionMask = 2147483647;
			files = (
			);
			inputPaths = (
			);
			name = "Embed Pods Frameworks";
			outputPaths = (
			);
			runOnlyForDeploymentPostprocessing = 0;
			shellPath = /bin/sh;
			shellScript = "\"${SRCROOT}/Pods/Target Support Files/Pods/Pods-frameworks.sh\"\n";
			showEnvVarsInLog = 0;
		};
		975F9CC03854BE7B4003BC4D /* Check Pods Manifest.lock */ = {
			isa = PBXShellScriptBuildPhase;
			buildActionMask = 2147483647;
			files = (
			);
			inputPaths = (
			);
			name = "Check Pods Manifest.lock";
			outputPaths = (
			);
			runOnlyForDeploymentPostprocessing = 0;
			shellPath = /bin/sh;
			shellScript = "diff \"${PODS_ROOT}/../Podfile.lock\" \"${PODS_ROOT}/Manifest.lock\" > /dev/null\nif [[ $? != 0 ]] ; then\n    cat << EOM\nerror: The sandbox is not in sync with the Podfile.lock. Run 'pod install' or update your CocoaPods installation.\nEOM\n    exit 1\nfi\n";
			showEnvVarsInLog = 0;
		};
/* End PBXShellScriptBuildPhase section */

/* Begin PBXSourcesBuildPhase section */
		0046C4731C39ECE20092ED2E /* Sources */ = {
			isa = PBXSourcesBuildPhase;
			buildActionMask = 2147483647;
			files = (
				00EEE7B71C44774D004570A3 /* sharePreviewController.swift in Sources */,
				003C49BD1C42677900A3CB5A /* ImagePreviewController.swift in Sources */,
				00499AA01C43AA5700CED7A5 /* SettingViewController.swift in Sources */,
				00499AB61C43EE2600CED7A5 /* Setting.swift in Sources */,
				0046C4B11C3A533D0092ED2E /* Image.swift in Sources */,
				00B624331C3B522800178AF6 /* DrawImageViewController.swift in Sources */,
				00499B431C44054B00CED7A5 /* GIFPreviewController.swift in Sources */,
				0046C4A91C39ED630092ED2E /* ImagesViewController.swift in Sources */,
				0046C4AD1C39ED850092ED2E /* ShareViewController.swift in Sources */,
				005AA0CC1C4140DA00FE4A7D /* GIFPreviewDetailController.swift in Sources */,
				00A2CA7E1C3E09D90003CB0C /* DrawGIFViewController.swift in Sources */,
				003C49BB1C423A7A00A3CB5A /* GIF.swift in Sources */,
				0046C47B1C39ECE20092ED2E /* AppDelegate.swift in Sources */,
				0046C4AB1C39ED740092ED2E /* GIFsViewController.swift in Sources */,
			);
			runOnlyForDeploymentPostprocessing = 0;
		};
		0046C4871C39ECE20092ED2E /* Sources */ = {
			isa = PBXSourcesBuildPhase;
			buildActionMask = 2147483647;
			files = (
				0046C4901C39ECE20092ED2E /* LightPixelsTests.swift in Sources */,
			);
			runOnlyForDeploymentPostprocessing = 0;
		};
		0046C4921C39ECE20092ED2E /* Sources */ = {
			isa = PBXSourcesBuildPhase;
			buildActionMask = 2147483647;
			files = (
				0046C49B1C39ECE20092ED2E /* LightPixelsUITests.swift in Sources */,
			);
			runOnlyForDeploymentPostprocessing = 0;
		};
/* End PBXSourcesBuildPhase section */

/* Begin PBXTargetDependency section */
		0046C48D1C39ECE20092ED2E /* PBXTargetDependency */ = {
			isa = PBXTargetDependency;
			target = 0046C4761C39ECE20092ED2E /* LightPixels */;
			targetProxy = 0046C48C1C39ECE20092ED2E /* PBXContainerItemProxy */;
		};
		0046C4981C39ECE20092ED2E /* PBXTargetDependency */ = {
			isa = PBXTargetDependency;
			target = 0046C4761C39ECE20092ED2E /* LightPixels */;
			targetProxy = 0046C4971C39ECE20092ED2E /* PBXContainerItemProxy */;
		};
/* End PBXTargetDependency section */

/* Begin PBXVariantGroup section */
		0046C47E1C39ECE20092ED2E /* Main.storyboard */ = {
			isa = PBXVariantGroup;
			children = (
				0046C47F1C39ECE20092ED2E /* Base */,
			);
			name = Main.storyboard;
			sourceTree = "<group>";
		};
		0046C4831C39ECE20092ED2E /* LaunchScreen.storyboard */ = {
			isa = PBXVariantGroup;
			children = (
				0046C4841C39ECE20092ED2E /* Base */,
			);
			name = LaunchScreen.storyboard;
			sourceTree = "<group>";
		};
/* End PBXVariantGroup section */

/* Begin XCBuildConfiguration section */
		0046C49D1C39ECE20092ED2E /* Debug */ = {
			isa = XCBuildConfiguration;
			buildSettings = {
				ALWAYS_SEARCH_USER_PATHS = NO;
				CLANG_CXX_LANGUAGE_STANDARD = "gnu++0x";
				CLANG_CXX_LIBRARY = "libc++";
				CLANG_ENABLE_MODULES = YES;
				CLANG_ENABLE_OBJC_ARC = YES;
				CLANG_WARN_BOOL_CONVERSION = YES;
				CLANG_WARN_CONSTANT_CONVERSION = YES;
				CLANG_WARN_DIRECT_OBJC_ISA_USAGE = YES_ERROR;
				CLANG_WARN_EMPTY_BODY = YES;
				CLANG_WARN_ENUM_CONVERSION = YES;
				CLANG_WARN_INT_CONVERSION = YES;
				CLANG_WARN_OBJC_ROOT_CLASS = YES_ERROR;
				CLANG_WARN_UNREACHABLE_CODE = YES;
				CLANG_WARN__DUPLICATE_METHOD_MATCH = YES;
				"CODE_SIGN_IDENTITY[sdk=iphoneos*]" = "iPhone Developer";
				COPY_PHASE_STRIP = NO;
				DEBUG_INFORMATION_FORMAT = dwarf;
				ENABLE_STRICT_OBJC_MSGSEND = YES;
				ENABLE_TESTABILITY = YES;
				GCC_C_LANGUAGE_STANDARD = gnu99;
				GCC_DYNAMIC_NO_PIC = NO;
				GCC_NO_COMMON_BLOCKS = YES;
				GCC_OPTIMIZATION_LEVEL = 0;
				GCC_PREPROCESSOR_DEFINITIONS = (
					"DEBUG=1",
					"$(inherited)",
				);
				GCC_WARN_64_TO_32_BIT_CONVERSION = YES;
				GCC_WARN_ABOUT_RETURN_TYPE = YES_ERROR;
				GCC_WARN_UNDECLARED_SELECTOR = YES;
				GCC_WARN_UNINITIALIZED_AUTOS = YES_AGGRESSIVE;
				GCC_WARN_UNUSED_FUNCTION = YES;
				GCC_WARN_UNUSED_VARIABLE = YES;
				IPHONEOS_DEPLOYMENT_TARGET = 9.2;
				MTL_ENABLE_DEBUG_INFO = YES;
				ONLY_ACTIVE_ARCH = YES;
				SDKROOT = iphoneos;
				SWIFT_OPTIMIZATION_LEVEL = "-Onone";
				TARGETED_DEVICE_FAMILY = "1,2";
			};
			name = Debug;
		};
		0046C49E1C39ECE20092ED2E /* Release */ = {
			isa = XCBuildConfiguration;
			buildSettings = {
				ALWAYS_SEARCH_USER_PATHS = NO;
				CLANG_CXX_LANGUAGE_STANDARD = "gnu++0x";
				CLANG_CXX_LIBRARY = "libc++";
				CLANG_ENABLE_MODULES = YES;
				CLANG_ENABLE_OBJC_ARC = YES;
				CLANG_WARN_BOOL_CONVERSION = YES;
				CLANG_WARN_CONSTANT_CONVERSION = YES;
				CLANG_WARN_DIRECT_OBJC_ISA_USAGE = YES_ERROR;
				CLANG_WARN_EMPTY_BODY = YES;
				CLANG_WARN_ENUM_CONVERSION = YES;
				CLANG_WARN_INT_CONVERSION = YES;
				CLANG_WARN_OBJC_ROOT_CLASS = YES_ERROR;
				CLANG_WARN_UNREACHABLE_CODE = YES;
				CLANG_WARN__DUPLICATE_METHOD_MATCH = YES;
				"CODE_SIGN_IDENTITY[sdk=iphoneos*]" = "iPhone Developer";
				COPY_PHASE_STRIP = NO;
				DEBUG_INFORMATION_FORMAT = "dwarf-with-dsym";
				ENABLE_NS_ASSERTIONS = NO;
				ENABLE_STRICT_OBJC_MSGSEND = YES;
				GCC_C_LANGUAGE_STANDARD = gnu99;
				GCC_NO_COMMON_BLOCKS = YES;
				GCC_WARN_64_TO_32_BIT_CONVERSION = YES;
				GCC_WARN_ABOUT_RETURN_TYPE = YES_ERROR;
				GCC_WARN_UNDECLARED_SELECTOR = YES;
				GCC_WARN_UNINITIALIZED_AUTOS = YES_AGGRESSIVE;
				GCC_WARN_UNUSED_FUNCTION = YES;
				GCC_WARN_UNUSED_VARIABLE = YES;
				IPHONEOS_DEPLOYMENT_TARGET = 9.2;
				MTL_ENABLE_DEBUG_INFO = NO;
				SDKROOT = iphoneos;
				TARGETED_DEVICE_FAMILY = "1,2";
				VALIDATE_PRODUCT = YES;
			};
			name = Release;
		};
		0046C4A01C39ECE20092ED2E /* Debug */ = {
			isa = XCBuildConfiguration;
			baseConfigurationReference = 80EE04487ED4075C63F675C0 /* Pods.debug.xcconfig */;
			buildSettings = {
				ASSETCATALOG_COMPILER_APPICON_NAME = AppIcon;
				CODE_SIGN_IDENTITY = "iPhone Developer";
				INFOPLIST_FILE = LightPixels/Info.plist;
				IPHONEOS_DEPLOYMENT_TARGET = 8.0;
				LD_RUNPATH_SEARCH_PATHS = "$(inherited) @executable_path/Frameworks";
				PRODUCT_BUNDLE_IDENTIFIER = lightpixel.chin.LightPixels;
				PRODUCT_NAME = "$(TARGET_NAME)";
			};
			name = Debug;
		};
		0046C4A11C39ECE20092ED2E /* Release */ = {
			isa = XCBuildConfiguration;
			baseConfigurationReference = 96F9926C67AC41751E684A49 /* Pods.release.xcconfig */;
			buildSettings = {
				ASSETCATALOG_COMPILER_APPICON_NAME = AppIcon;
				CODE_SIGN_IDENTITY = "iPhone Developer";
				INFOPLIST_FILE = LightPixels/Info.plist;
				IPHONEOS_DEPLOYMENT_TARGET = 8.0;
				LD_RUNPATH_SEARCH_PATHS = "$(inherited) @executable_path/Frameworks";
				PRODUCT_BUNDLE_IDENTIFIER = lightpixel.chin.LightPixels;
				PRODUCT_NAME = "$(TARGET_NAME)";
			};
			name = Release;
		};
		0046C4A31C39ECE20092ED2E /* Debug */ = {
			isa = XCBuildConfiguration;
			buildSettings = {
				BUNDLE_LOADER = "$(TEST_HOST)";
				INFOPLIST_FILE = LightPixelsTests/Info.plist;
				LD_RUNPATH_SEARCH_PATHS = "$(inherited) @executable_path/Frameworks @loader_path/Frameworks";
				PRODUCT_BUNDLE_IDENTIFIER = lightpixel.chin.LightPixelsTests;
				PRODUCT_NAME = "$(TARGET_NAME)";
				TEST_HOST = "$(BUILT_PRODUCTS_DIR)/LightPixels.app/LightPixels";
			};
			name = Debug;
		};
		0046C4A41C39ECE20092ED2E /* Release */ = {
			isa = XCBuildConfiguration;
			buildSettings = {
				BUNDLE_LOADER = "$(TEST_HOST)";
				INFOPLIST_FILE = LightPixelsTests/Info.plist;
				LD_RUNPATH_SEARCH_PATHS = "$(inherited) @executable_path/Frameworks @loader_path/Frameworks";
				PRODUCT_BUNDLE_IDENTIFIER = lightpixel.chin.LightPixelsTests;
				PRODUCT_NAME = "$(TARGET_NAME)";
				TEST_HOST = "$(BUILT_PRODUCTS_DIR)/LightPixels.app/LightPixels";
			};
			name = Release;
		};
		0046C4A61C39ECE20092ED2E /* Debug */ = {
			isa = XCBuildConfiguration;
			buildSettings = {
				INFOPLIST_FILE = LightPixelsUITests/Info.plist;
				LD_RUNPATH_SEARCH_PATHS = "$(inherited) @executable_path/Frameworks @loader_path/Frameworks";
				PRODUCT_BUNDLE_IDENTIFIER = lightpixel.chin.LightPixelsUITests;
				PRODUCT_NAME = "$(TARGET_NAME)";
				TEST_TARGET_NAME = LightPixels;
				USES_XCTRUNNER = YES;
			};
			name = Debug;
		};
		0046C4A71C39ECE20092ED2E /* Release */ = {
			isa = XCBuildConfiguration;
			buildSettings = {
				INFOPLIST_FILE = LightPixelsUITests/Info.plist;
				LD_RUNPATH_SEARCH_PATHS = "$(inherited) @executable_path/Frameworks @loader_path/Frameworks";
				PRODUCT_BUNDLE_IDENTIFIER = lightpixel.chin.LightPixelsUITests;
				PRODUCT_NAME = "$(TARGET_NAME)";
				TEST_TARGET_NAME = LightPixels;
				USES_XCTRUNNER = YES;
			};
			name = Release;
		};
/* End XCBuildConfiguration section */

/* Begin XCConfigurationList section */
		0046C4721C39ECE20092ED2E /* Build configuration list for PBXProject "LightPixels" */ = {
			isa = XCConfigurationList;
			buildConfigurations = (
				0046C49D1C39ECE20092ED2E /* Debug */,
				0046C49E1C39ECE20092ED2E /* Release */,
			);
			defaultConfigurationIsVisible = 0;
			defaultConfigurationName = Release;
		};
		0046C49F1C39ECE20092ED2E /* Build configuration list for PBXNativeTarget "LightPixels" */ = {
			isa = XCConfigurationList;
			buildConfigurations = (
				0046C4A01C39ECE20092ED2E /* Debug */,
				0046C4A11C39ECE20092ED2E /* Release */,
			);
			defaultConfigurationIsVisible = 0;
			defaultConfigurationName = Release;
		};
		0046C4A21C39ECE20092ED2E /* Build configuration list for PBXNativeTarget "LightPixelsTests" */ = {
			isa = XCConfigurationList;
			buildConfigurations = (
				0046C4A31C39ECE20092ED2E /* Debug */,
				0046C4A41C39ECE20092ED2E /* Release */,
			);
			defaultConfigurationIsVisible = 0;
			defaultConfigurationName = Release;
		};
		0046C4A51C39ECE20092ED2E /* Build configuration list for PBXNativeTarget "LightPixelsUITests" */ = {
			isa = XCConfigurationList;
			buildConfigurations = (
				0046C4A61C39ECE20092ED2E /* Debug */,
				0046C4A71C39ECE20092ED2E /* Release */,
			);
			defaultConfigurationIsVisible = 0;
			defaultConfigurationName = Release;
		};
/* End XCConfigurationList section */
	};
	rootObject = 0046C46F1C39ECE20092ED2E /* Project object */;
}
